
Microsoft Visual Studio Solution File, Format Version 12.00
# Visual Studio Version 17
VisualStudioVersion = 17.0.31903.59
MinimumVisualStudioVersion = 10.0.40219.1
Project("{2150E333-8FDC-42A3-9474-1A3956D46DE8}") = "core", "core", "{ECEFFA78-F9B8-4592-9D95-E6D713067957}"
EndProject
Project("{FAE04EC0-301F-11D3-BF4B-00C04F79EFBC}") = "TPW.Sim", "core\TPW.Sim\TPW.Sim.csproj", "{5FB9EB91-5011-4FD7-91DE-8E7B9B2CC49D}"
EndProject
Project("{2150E333-8FDC-42A3-9474-1A3956D46DE8}") = "tests", "tests", "{6F83EA9A-BEBB-45EB-976C-1B3F9765EC87}"
EndProject
Project("{FAE04EC0-301F-11D3-BF4B-00C04F79EFBC}") = "TPW.Sim.Tests", "tests\TPW.Sim.Tests\TPW.Sim.Tests.csproj", "{28814972-38C5-4175-8DE3-D93230E5F02B}"
EndProject
Project("{FAE04EC0-301F-11D3-BF4B-00C04F79EFBC}") = "TPW.Launcher", "core\TPW.Launcher\TPW.Launcher.csproj", "{59E9AF0D-B7A4-47D4-94B4-EA02DD060881}"
EndProject
Project("{FAE04EC0-301F-11D3-BF4B-00C04F79EFBC}") = "TPW.Launcher.Tests", "tests\TPW.Launcher.Tests\TPW.Launcher.Tests.csproj", "{3057B78C-EED1-42A3-9C50-A8A524AB591F}"
EndProject
Project("{FAE04EC0-301F-11D3-BF4B-00C04F79EFBC}") = "TPWLauncher", "launcher\TPWLauncher.csproj", "{117C79CD-63D8-4395-8155-600FD96082B7}"
EndProject
Global
	GlobalSection(SolutionConfigurationPlatforms) = preSolution
		Debug|Any CPU = Debug|Any CPU
		Release|Any CPU = Release|Any CPU
	EndGlobalSection
	GlobalSection(SolutionProperties) = preSolution
		HideSolutionNode = FALSE
	EndGlobalSection
	GlobalSection(ProjectConfigurationPlatforms) = postSolution
		{5FB9EB91-5011-4FD7-91DE-8E7B9B2CC49D}.Debug|Any CPU.ActiveCfg = Debug|Any CPU
		{5FB9EB91-5011-4FD7-91DE-8E7B9B2CC49D}.Debug|Any CPU.Build.0 = Debug|Any CPU
		{5FB9EB91-5011-4FD7-91DE-8E7B9B2CC49D}.Release|Any CPU.ActiveCfg = Release|Any CPU
		{5FB9EB91-5011-4FD7-91DE-8E7B9B2CC49D}.Release|Any CPU.Build.0 = Release|Any CPU
		{28814972-38C5-4175-8DE3-D93230E5F02B}.Debug|Any CPU.ActiveCfg = Debug|Any CPU
		{28814972-38C5-4175-8DE3-D93230E5F02B}.Debug|Any CPU.Build.0 = Debug|Any CPU
		{28814972-38C5-4175-8DE3-D93230E5F02B}.Release|Any CPU.ActiveCfg = Release|Any CPU
		{28814972-38C5-4175-8DE3-D93230E5F02B}.Release|Any CPU.Build.0 = Release|Any CPU
		{59E9AF0D-B7A4-47D4-94B4-EA02DD060881}.Debug|Any CPU.ActiveCfg = Debug|Any CPU
		{59E9AF0D-B7A4-47D4-94B4-EA02DD060881}.Debug|Any CPU.Build.0 = Debug|Any CPU
		{59E9AF0D-B7A4-47D4-94B4-EA02DD060881}.Release|Any CPU.ActiveCfg = Release|Any CPU
		{59E9AF0D-B7A4-47D4-94B4-EA02DD060881}.Release|Any CPU.Build.0 = Release|Any CPU
		{3057B78C-EED1-42A3-9C50-A8A524AB591F}.Debug|Any CPU.ActiveCfg = Debug|Any CPU
		{3057B78C-EED1-42A3-9C50-A8A524AB591F}.Debug|Any CPU.Build.0 = Debug|Any CPU
		{3057B78C-EED1-42A3-9C50-A8A524AB591F}.Release|Any CPU.ActiveCfg = Release|Any CPU
		{3057B78C-EED1-42A3-9C50-A8A524AB591F}.Release|Any CPU.Build.0 = Release|Any CPU
		{117C79CD-63D8-4395-8155-600FD96082B7}.Debug|Any CPU.ActiveCfg = Debug|Any CPU
		{117C79CD-63D8-4395-8155-600FD96082B7}.Debug|Any CPU.Build.0 = Debug|Any CPU
		{117C79CD-63D8-4395-8155-600FD96082B7}.Release|Any CPU.ActiveCfg = Release|Any CPU
		{117C79CD-63D8-4395-8155-600FD96082B7}.Release|Any CPU.Build.0 = Release|Any CPU
	EndGlobalSection
	GlobalSection(NestedProjects) = preSolution
		{5FB9EB91-5011-4FD7-91DE-8E7B9B2CC49D} = {ECEFFA78-F9B8-4592-9D95-E6D713067957}
		{28814972-38C5-4175-8DE3-D93230E5F02B} = {6F83EA9A-BEBB-45EB-976C-1B3F9765EC87}
		{59E9AF0D-B7A4-47D4-94B4-EA02DD060881} = {ECEFFA78-F9B8-4592-9D95-E6D713067957}
		{3057B78C-EED1-42A3-9C50-A8A524AB591F} = {6F83EA9A-BEBB-45EB-976C-1B3F9765EC87}
	EndGlobalSection
EndGlobal
